
Microsoft Visual Studio Solution File, Format Version 11.00
# Visual Studio 2010
Project("{2150E333-8FDC-42A3-9474-1A3956D46DE8}") = "Common Headers", "Common Headers", "{14941210-9C7B-4C81-8BE8-9B0AEDEE42C3}"
	ProjectSection(SolutionItems) = preProject
		00-Common Headers\KexAssert.h = 00-Common Headers\KexAssert.h
		00-Common Headers\KexComm.h = 00-Common Headers\KexComm.h
		00-Common Headers\KexComp.h = 00-Common Headers\KexComp.h
		00-Common Headers\KexCpu.h = 00-Common Headers\KexCpu.h
		00-Common Headers\KexDll.h = 00-Common Headers\KexDll.h
		00-Common Headers\KexGui.h = 00-Common Headers\KexGui.h
		00-Common Headers\KexLnk.h = 00-Common Headers\KexLnk.h
		00-Common Headers\KexPathCch.h = 00-Common Headers\KexPathCch.h
		00-Common Headers\KexStrSafe.h = 00-Common Headers\KexStrSafe.h
		00-Common Headers\KexTypes.h = 00-Common Headers\KexTypes.h
		00-Common Headers\KexVer.h = 00-Common Headers\KexVer.h
		00-Common Headers\KexW32ML.h = 00-Common Headers\KexW32ML.h
		00-Common Headers\KseGuid.h = 00-Common Headers\KseGuid.h
		00-Common Headers\KxBase.h = 00-Common Headers\KxBase.h
		00-Common Headers\KxCfgHlp.h = 00-Common Headers\KxCfgHlp.h
		00-Common Headers\KxCom.h = 00-Common Headers\KxCom.h
		00-Common Headers\KxDx.h = 00-Common Headers\KxDx.h
		00-Common Headers\KxMi.h = 00-Common Headers\KxMi.h
		00-Common Headers\KxUser.h = 00-Common Headers\KxUser.h
		00-Common Headers\NtDll.h = 00-Common Headers\NtDll.h
		00-Common Headers\NtKrnl.h = 00-Common Headers\NtKrnl.h
		00-Common Headers\NtStrSafe.h = 00-Common Headers\NtStrSafe.h
		00-Common Headers\SafeAlloc.h = 00-Common Headers\SafeAlloc.h
	EndProjectSection
EndProject
Project("{2150E333-8FDC-42A3-9474-1A3956D46DE8}") = "Documentation", "Documentation", "{2684E7C2-7A0E-4086-ABAB-75C37A620CFB}"
	ProjectSection(SolutionItems) = preProject
		00-Documentation\Changelog.txt = 00-Documentation\Changelog.txt
		00-Documentation\Debugging KexDll.txt = 00-Documentation\Debugging KexDll.txt
		00-Documentation\KexSetup responsibilities.txt = 00-Documentation\KexSetup responsibilities.txt
		00-Documentation\Notes on IFEO.txt = 00-Documentation\Notes on IFEO.txt
		00-Documentation\Source File Header.txt = 00-Documentation\Source File Header.txt
		00-Documentation\VxKex Registry Keys (Legacy).txt = 00-Documentation\VxKex Registry Keys (Legacy).txt
	EndProjectSection
EndProject
Project("{2150E333-8FDC-42A3-9474-1A3956D46DE8}") = "Development Utilities", "Development Utilities", "{086A9AB4-23AC-41C8-A422-A7CF714413CF}"
EndProject
Project("{8BC9CEB8-8B4A-11D0-8D11-00A0C91BC942}") = "VxlView", "VxlView\VxlView.vcxproj", "{9875FF3B-A8F4-4221-B27A-0D092F5CF816}"
	ProjectSection(ProjectDependencies) = postProject
		{F7DCFF24-19CD-4FE6-BDDF-6029670E77D6} = {F7DCFF24-19CD-4FE6-BDDF-6029670E77D6}
		{7656FF69-D1A3-4FA1-AB04-7C0089777CA7} = {7656FF69-D1A3-4FA1-AB04-7C0089777CA7}
		{1AEF4F9B-7227-4B51-9ADE-CDED9427C0B5} = {1AEF4F9B-7227-4B51-9ADE-CDED9427C0B5}
	EndProjectSection
EndProject
Project("{8BC9CEB8-8B4A-11D0-8D11-00A0C91BC942}") = "KexGui", "KexGui\KexGui.vcxproj", "{F7DCFF24-19CD-4FE6-BDDF-6029670E77D6}"
	ProjectSection(ProjectDependencies) = postProject
		{66231B4E-059F-42B5-8B6D-0B22AD6DFC64} = {66231B4E-059F-42B5-8B6D-0B22AD6DFC64}
		{1AEF4F9B-7227-4B51-9ADE-CDED9427C0B5} = {1AEF4F9B-7227-4B51-9ADE-CDED9427C0B5}
	EndProjectSection
EndProject
Project("{8BC9CEB8-8B4A-11D0-8D11-00A0C91BC942}") = "KexW32ML", "KexW32ML\KexW32ML.vcxproj", "{1AEF4F9B-7227-4B51-9ADE-CDED9427C0B5}"
	ProjectSection(ProjectDependencies) = postProject
		{0B434F56-68C4-4627-BE2F-BE20A5E97F2D} = {0B434F56-68C4-4627-BE2F-BE20A5E97F2D}
	EndProjectSection
EndProject
Project("{2150E333-8FDC-42A3-9474-1A3956D46DE8}") = "Tests", "Tests", "{BCB55952-3128-454B-B060-C53A3C1CCA14}"
EndProject
Project("{8BC9CEB8-8B4A-11D0-8D11-00A0C91BC942}") = "KexDll", "KexDll\KexDll.vcxproj", "{7656FF69-D1A3-4FA1-AB04-7C0089777CA7}"
EndProject
Project("{2150E333-8FDC-42A3-9474-1A3956D46DE8}") = "Extended DLLs", "Extended DLLs", "{C38F02E0-99EB-4B94-8134-5F777118B1A8}"
EndProject
Project("{8BC9CEB8-8B4A-11D0-8D11-00A0C91BC942}") = "KexExprt", "01-Development Utilities\KexExprt\KexExprt.vcxproj", "{FEC92998-8D28-42CE-886D-21D17A263D24}"
	ProjectSection(ProjectDependencies) = postProject
		{F7DCFF24-19CD-4FE6-BDDF-6029670E77D6} = {F7DCFF24-19CD-4FE6-BDDF-6029670E77D6}
		{7656FF69-D1A3-4FA1-AB04-7C0089777CA7} = {7656FF69-D1A3-4FA1-AB04-7C0089777CA7}
		{1AEF4F9B-7227-4B51-9ADE-CDED9427C0B5} = {1AEF4F9B-7227-4B51-9ADE-CDED9427C0B5}
	EndProjectSection
EndProject
Project("{8BC9CEB8-8B4A-11D0-8D11-00A0C91BC942}") = "loggingtest", "01-Tests\loggingtest\loggingtest.vcxproj", "{8EEB6A31-BBE4-450C-AEF6-E4F81F63EF46}"
	ProjectSection(ProjectDependencies) = postProject
		{F7DCFF24-19CD-4FE6-BDDF-6029670E77D6} = {F7DCFF24-19CD-4FE6-BDDF-6029670E77D6}
		{7656FF69-D1A3-4FA1-AB04-7C0089777CA7} = {7656FF69-D1A3-4FA1-AB04-7C0089777CA7}
	EndProjectSection
EndProject
Project("{2150E333-8FDC-42A3-9474-1A3956D46DE8}") = "VxKex Components", "VxKex Components", "{55923E6A-021C-40AF-9977-C9E3072B697B}"
EndProject
Project("{8BC9CEB8-8B4A-11D0-8D11-00A0C91BC942}") = "KexShlEx", "KexShlEx\KexShlEx.vcxproj", "{0C454599-73FB-4F57-B8C9-0BE68AF3110E}"
	ProjectSection(ProjectDependencies) = postProject
		{F7DCFF24-19CD-4FE6-BDDF-6029670E77D6} = {F7DCFF24-19CD-4FE6-BDDF-6029670E77D6}
		{66231B4E-059F-42B5-8B6D-0B22AD6DFC64} = {66231B4E-059F-42B5-8B6D-0B22AD6DFC64}
	EndProjectSection
EndProject
Project("{8BC9CEB8-8B4A-11D0-8D11-00A0C91BC942}") = "KexSetup", "KexSetup\KexSetup.vcxproj", "{F435A5D6-D589-41FA-8430-90C37401DE17}"
	ProjectSection(ProjectDependencies) = postProject
		{BB5B3C11-F77A-4C46-AE5A-76153DD0CA79} = {BB5B3C11-F77A-4C46-AE5A-76153DD0CA79}
		{4168C61E-16EF-4196-9E3D-D21F18234CAF} = {4168C61E-16EF-4196-9E3D-D21F18234CAF}
		{F7DCFF24-19CD-4FE6-BDDF-6029670E77D6} = {F7DCFF24-19CD-4FE6-BDDF-6029670E77D6}
		{9875FF3B-A8F4-4221-B27A-0D092F5CF816} = {9875FF3B-A8F4-4221-B27A-0D092F5CF816}
		{66231B4E-059F-42B5-8B6D-0B22AD6DFC64} = {66231B4E-059F-42B5-8B6D-0B22AD6DFC64}
		{0B434F56-68C4-4627-BE2F-BE20A5E97F2D} = {0B434F56-68C4-4627-BE2F-BE20A5E97F2D}
		{4E267C5E-6A43-4E20-A2B9-8C9526F97215} = {4E267C5E-6A43-4E20-A2B9-8C9526F97215}
		{7656FF69-D1A3-4FA1-AB04-7C0089777CA7} = {7656FF69-D1A3-4FA1-AB04-7C0089777CA7}
		{A5627E7A-6C18-4D04-A7DE-5445F39E1CAB} = {A5627E7A-6C18-4D04-A7DE-5445F39E1CAB}
		{36F79680-796A-465E-9C87-0E76034AF16B} = {36F79680-796A-465E-9C87-0E76034AF16B}
		{0C454599-73FB-4F57-B8C9-0BE68AF3110E} = {0C454599-73FB-4F57-B8C9-0BE68AF3110E}
		{1AEF4F9B-7227-4B51-9ADE-CDED9427C0B5} = {1AEF4F9B-7227-4B51-9ADE-CDED9427C0B5}
		{8C66849E-892F-41DD-AF5D-11DC22FCA013} = {8C66849E-892F-41DD-AF5D-11DC22FCA013}
		{7B17BE9E-D4A6-4652-BDE8-80FDE0DDC7D4} = {7B17BE9E-D4A6-4652-BDE8-80FDE0DDC7D4}
		{0AF7A2B2-BB6A-49EF-99BF-886525F51821} = {0AF7A2B2-BB6A-49EF-99BF-886525F51821}
		{FED853B7-B02A-49FC-9FA9-DFCF8479841A} = {FED853B7-B02A-49FC-9FA9-DFCF8479841A}
		{FA376FCE-E31C-4601-B4A7-3B976911E777} = {FA376FCE-E31C-4601-B4A7-3B976911E777}
		{F6B2D0CE-1772-4A76-BB46-FEB7C179370A} = {F6B2D0CE-1772-4A76-BB46-FEB7C179370A}
		{64D4ABD4-4C7D-47AC-A7E2-BCB6D1F1CF81} = {64D4ABD4-4C7D-47AC-A7E2-BCB6D1F1CF81}
		{155D1AED-B54E-4C90-8152-246E0C01EC84} = {155D1AED-B54E-4C90-8152-246E0C01EC84}
	EndProjectSection
EndProject
Project("{8BC9CEB8-8B4A-11D0-8D11-00A0C91BC942}") = "KxCfgHlp", "KxCfgHlp\KxCfgHlp.vcxproj", "{66231B4E-059F-42B5-8B6D-0B22AD6DFC64}"
	ProjectSection(ProjectDependencies) = postProject
		{0B434F56-68C4-4627-BE2F-BE20A5E97F2D} = {0B434F56-68C4-4627-BE2F-BE20A5E97F2D}
	EndProjectSection
EndProject
Project("{8BC9CEB8-8B4A-11D0-8D11-00A0C91BC942}") = "KexCfg", "KexCfg\KexCfg.vcxproj", "{F6B2D0CE-1772-4A76-BB46-FEB7C179370A}"
	ProjectSection(ProjectDependencies) = postProject
		{F7DCFF24-19CD-4FE6-BDDF-6029670E77D6} = {F7DCFF24-19CD-4FE6-BDDF-6029670E77D6}
		{66231B4E-059F-42B5-8B6D-0B22AD6DFC64} = {66231B4E-059F-42B5-8B6D-0B22AD6DFC64}
		{0B434F56-68C4-4627-BE2F-BE20A5E97F2D} = {0B434F56-68C4-4627-BE2F-BE20A5E97F2D}
		{1AEF4F9B-7227-4B51-9ADE-CDED9427C0B5} = {1AEF4F9B-7227-4B51-9ADE-CDED9427C0B5}
		{FED853B7-B02A-49FC-9FA9-DFCF8479841A} = {FED853B7-B02A-49FC-9FA9-DFCF8479841A}
	EndProjectSection
EndProject
Project("{8BC9CEB8-8B4A-11D0-8D11-00A0C91BC942}") = "KxBase", "01-Extended DLLs\KxBase\kxbase.vcxproj", "{0AF7A2B2-BB6A-49EF-99BF-886525F51821}"
	ProjectSection(ProjectDependencies) = postProject
		{7656FF69-D1A3-4FA1-AB04-7C0089777CA7} = {7656FF69-D1A3-4FA1-AB04-7C0089777CA7}
		{7B17BE9E-D4A6-4652-BDE8-80FDE0DDC7D4} = {7B17BE9E-D4A6-4652-BDE8-80FDE0DDC7D4}
	EndProjectSection
EndProject
Project("{8BC9CEB8-8B4A-11D0-8D11-00A0C91BC942}") = "KexPathCch", "KexPathCch\KexPathCch.vcxproj", "{0B434F56-68C4-4627-BE2F-BE20A5E97F2D}"
EndProject
Project("{8BC9CEB8-8B4A-11D0-8D11-00A0C91BC942}") = "KxCom", "01-Extended DLLs\KxCom\KxCom.vcxproj", "{A5627E7A-6C18-4D04-A7DE-5445F39E1CAB}"
	ProjectSection(ProjectDependencies) = postProject
		{7656FF69-D1A3-4FA1-AB04-7C0089777CA7} = {7656FF69-D1A3-4FA1-AB04-7C0089777CA7}
	EndProjectSection
EndProject
Project("{8BC9CEB8-8B4A-11D0-8D11-00A0C91BC942}") = "KxDx", "01-Extended DLLs\KxDx\KxDx.vcxproj", "{8C66849E-892F-41DD-AF5D-11DC22FCA013}"
	ProjectSection(ProjectDependencies) = postProject
		{7656FF69-D1A3-4FA1-AB04-7C0089777CA7} = {7656FF69-D1A3-4FA1-AB04-7C0089777CA7}
	EndProjectSection
EndProject
Project("{8BC9CEB8-8B4A-11D0-8D11-00A0C91BC942}") = "KxNt", "01-Extended DLLs\KxNt\KxNt.vcxproj", "{7B17BE9E-D4A6-4652-BDE8-80FDE0DDC7D4}"
	ProjectSection(ProjectDependencies) = postProject
		{7656FF69-D1A3-4FA1-AB04-7C0089777CA7} = {7656FF69-D1A3-4FA1-AB04-7C0089777CA7}
	EndProjectSection
EndProject
Project("{8BC9CEB8-8B4A-11D0-8D11-00A0C91BC942}") = "KxUser", "01-Extended DLLs\KxUser\KxUser.vcxproj", "{BB5B3C11-F77A-4C46-AE5A-76153DD0CA79}"
	ProjectSection(ProjectDependencies) = postProject
		{7656FF69-D1A3-4FA1-AB04-7C0089777CA7} = {7656FF69-D1A3-4FA1-AB04-7C0089777CA7}
		{0AF7A2B2-BB6A-49EF-99BF-886525F51821} = {0AF7A2B2-BB6A-49EF-99BF-886525F51821}
	EndProjectSection
EndProject
Project("{8BC9CEB8-8B4A-11D0-8D11-00A0C91BC942}") = "CpiwBypa", "CpiwBypa\CpiwBypa.vcxproj", "{FED853B7-B02A-49FC-9FA9-DFCF8479841A}"
	ProjectSection(ProjectDependencies) = postProject
		{0B434F56-68C4-4627-BE2F-BE20A5E97F2D} = {0B434F56-68C4-4627-BE2F-BE20A5E97F2D}
		{7656FF69-D1A3-4FA1-AB04-7C0089777CA7} = {7656FF69-D1A3-4FA1-AB04-7C0089777CA7}
	EndProjectSection
EndProject
Project("{8BC9CEB8-8B4A-11D0-8D11-00A0C91BC942}") = "VxKexLdr", "VxKexLdr\VxKexLdr.vcxproj", "{155D1AED-B54E-4C90-8152-246E0C01EC84}"
	ProjectSection(ProjectDependencies) = postProject
		{F7DCFF24-19CD-4FE6-BDDF-6029670E77D6} = {F7DCFF24-19CD-4FE6-BDDF-6029670E77D6}
		{7656FF69-D1A3-4FA1-AB04-7C0089777CA7} = {7656FF69-D1A3-4FA1-AB04-7C0089777CA7}
		{1AEF4F9B-7227-4B51-9ADE-CDED9427C0B5} = {1AEF4F9B-7227-4B51-9ADE-CDED9427C0B5}
	EndProjectSection
EndProject
Project("{8BC9CEB8-8B4A-11D0-8D11-00A0C91BC942}") = "KexKMSD", "KexKMSD\KexKMSD.vcxproj", "{9F42E7FC-954C-4473-A9FC-F354CEC77393}"
EndProject
Project("{8BC9CEB8-8B4A-11D0-8D11-00A0C91BC942}") = "KxCrt", "01-Extended DLLs\KxCrt\KxCrt.vcxproj", "{64D4ABD4-4C7D-47AC-A7E2-BCB6D1F1CF81}"
	ProjectSection(ProjectDependencies) = postProject
		{7656FF69-D1A3-4FA1-AB04-7C0089777CA7} = {7656FF69-D1A3-4FA1-AB04-7C0089777CA7}
	EndProjectSection
EndProject
Project("{8BC9CEB8-8B4A-11D0-8D11-00A0C91BC942}") = "KxAdvapi", "01-Extended DLLs\KxAdvapi\KxAdvapi.vcxproj", "{4E267C5E-6A43-4E20-A2B9-8C9526F97215}"
	ProjectSection(ProjectDependencies) = postProject
		{7656FF69-D1A3-4FA1-AB04-7C0089777CA7} = {7656FF69-D1A3-4FA1-AB04-7C0089777CA7}
	EndProjectSection
EndProject
Project("{8BC9CEB8-8B4A-11D0-8D11-00A0C91BC942}") = "KxNet", "01-Extended DLLs\KxNet\KxNet.vcxproj", "{36F79680-796A-465E-9C87-0E76034AF16B}"
	ProjectSection(ProjectDependencies) = postProject
		{7656FF69-D1A3-4FA1-AB04-7C0089777CA7} = {7656FF69-D1A3-4FA1-AB04-7C0089777CA7}
	EndProjectSection
EndProject
Project("{8BC9CEB8-8B4A-11D0-8D11-00A0C91BC942}") = "KxCryp", "01-Extended DLLs\KxCryp\KxCryp.vcxproj", "{FA376FCE-E31C-4601-B4A7-3B976911E777}"
EndProject
Project("{8BC9CEB8-8B4A-11D0-8D11-00A0C91BC942}") = "KxMi", "01-Extended DLLs\KxMi\KxMi.vcxproj", "{4168C61E-16EF-4196-9E3D-D21F18234CAF}"
	ProjectSection(ProjectDependencies) = postProject
		{7656FF69-D1A3-4FA1-AB04-7C0089777CA7} = {7656FF69-D1A3-4FA1-AB04-7C0089777CA7}
	EndProjectSection
EndProject
Global
	GlobalSection(SolutionConfigurationPlatforms) = preSolution
		Debug|Win32 = Debug|Win32
		Debug|x64 = Debug|x64
		Release|Win32 = Release|Win32
		Release|x64 = Release|x64
	EndGlobalSection
	GlobalSection(ProjectConfigurationPlatforms) = postSolution
		{9875FF3B-A8F4-4221-B27A-0D092F5CF816}.Debug|Win32.ActiveCfg = Debug|Win32
		{9875FF3B-A8F4-4221-B27A-0D092F5CF816}.Debug|Win32.Build.0 = Debug|Win32
		{9875FF3B-A8F4-4221-B27A-0D092F5CF816}.Debug|x64.ActiveCfg = Debug|x64
		{9875FF3B-A8F4-4221-B27A-0D092F5CF816}.Debug|x64.Build.0 = Debug|x64
		{9875FF3B-A8F4-4221-B27A-0D092F5CF816}.Release|Win32.ActiveCfg = Release|Win32
		{9875FF3B-A8F4-4221-B27A-0D092F5CF816}.Release|Win32.Build.0 = Release|Win32
		{9875FF3B-A8F4-4221-B27A-0D092F5CF816}.Release|x64.ActiveCfg = Release|x64
		{9875FF3B-A8F4-4221-B27A-0D092F5CF816}.Release|x64.Build.0 = Release|x64
		{F7DCFF24-19CD-4FE6-BDDF-6029670E77D6}.Debug|Win32.ActiveCfg = Debug|Win32
		{F7DCFF24-19CD-4FE6-BDDF-6029670E77D6}.Debug|Win32.Build.0 = Debug|Win32
		{F7DCFF24-19CD-4FE6-BDDF-6029670E77D6}.Debug|x64.ActiveCfg = Debug|x64
		{F7DCFF24-19CD-4FE6-BDDF-6029670E77D6}.Debug|x64.Build.0 = Debug|x64
		{F7DCFF24-19CD-4FE6-BDDF-6029670E77D6}.Release|Win32.ActiveCfg = Release|Win32
		{F7DCFF24-19CD-4FE6-BDDF-6029670E77D6}.Release|Win32.Build.0 = Release|Win32
		{F7DCFF24-19CD-4FE6-BDDF-6029670E77D6}.Release|x64.ActiveCfg = Release|x64
		{F7DCFF24-19CD-4FE6-BDDF-6029670E77D6}.Release|x64.Build.0 = Release|x64
		{1AEF4F9B-7227-4B51-9ADE-CDED9427C0B5}.Debug|Win32.ActiveCfg = Debug|Win32
		{1AEF4F9B-7227-4B51-9ADE-CDED9427C0B5}.Debug|Win32.Build.0 = Debug|Win32
		{1AEF4F9B-7227-4B51-9ADE-CDED9427C0B5}.Debug|x64.ActiveCfg = Debug|x64
		{1AEF4F9B-7227-4B51-9ADE-CDED9427C0B5}.Debug|x64.Build.0 = Debug|x64
		{1AEF4F9B-7227-4B51-9ADE-CDED9427C0B5}.Release|Win32.ActiveCfg = Release|Win32
		{1AEF4F9B-7227-4B51-9ADE-CDED9427C0B5}.Release|Win32.Build.0 = Release|Win32
		{1AEF4F9B-7227-4B51-9ADE-CDED9427C0B5}.Release|x64.ActiveCfg = Release|x64
		{1AEF4F9B-7227-4B51-9ADE-CDED9427C0B5}.Release|x64.Build.0 = Release|x64
		{7656FF69-D1A3-4FA1-AB04-7C0089777CA7}.Debug|Win32.ActiveCfg = Debug|Win32
		{7656FF69-D1A3-4FA1-AB04-7C0089777CA7}.Debug|Win32.Build.0 = Debug|Win32
		{7656FF69-D1A3-4FA1-AB04-7C0089777CA7}.Debug|x64.ActiveCfg = Debug|x64
		{7656FF69-D1A3-4FA1-AB04-7C0089777CA7}.Debug|x64.Build.0 = Debug|x64
		{7656FF69-D1A3-4FA1-AB04-7C0089777CA7}.Release|Win32.ActiveCfg = Release|Win32
		{7656FF69-D1A3-4FA1-AB04-7C0089777CA7}.Release|Win32.Build.0 = Release|Win32
		{7656FF69-D1A3-4FA1-AB04-7C0089777CA7}.Release|x64.ActiveCfg = Release|x64
		{7656FF69-D1A3-4FA1-AB04-7C0089777CA7}.Release|x64.Build.0 = Release|x64
		{FEC92998-8D28-42CE-886D-21D17A263D24}.Debug|Win32.ActiveCfg = Debug|Win32
		{FEC92998-8D28-42CE-886D-21D17A263D24}.Debug|x64.ActiveCfg = Debug|x64
		{FEC92998-8D28-42CE-886D-21D17A263D24}.Release|Win32.ActiveCfg = Debug|x64
		{FEC92998-8D28-42CE-886D-21D17A263D24}.Release|x64.ActiveCfg = Debug|x64
		{FEC92998-8D28-42CE-886D-21D17A263D24}.Release|x64.Build.0 = Debug|x64
		{8EEB6A31-BBE4-450C-AEF6-E4F81F63EF46}.Debug|Win32.ActiveCfg = Debug|Win32
		{8EEB6A31-BBE4-450C-AEF6-E4F81F63EF46}.Debug|x64.ActiveCfg = Debug|x64
		{8EEB6A31-BBE4-450C-AEF6-E4F81F63EF46}.Release|Win32.ActiveCfg = Release|Win32
		{8EEB6A31-BBE4-450C-AEF6-E4F81F63EF46}.Release|x64.ActiveCfg = Release|x64
		{0C454599-73FB-4F57-B8C9-0BE68AF3110E}.Debug|Win32.ActiveCfg = Debug|Win32
		{0C454599-73FB-4F57-B8C9-0BE68AF3110E}.Debug|Win32.Build.0 = Debug|Win32
		{0C454599-73FB-4F57-B8C9-0BE68AF3110E}.Debug|x64.ActiveCfg = Debug|x64
		{0C454599-73FB-4F57-B8C9-0BE68AF3110E}.Debug|x64.Build.0 = Debug|x64
		{0C454599-73FB-4F57-B8C9-0BE68AF3110E}.Release|Win32.ActiveCfg = Release|Win32
		{0C454599-73FB-4F57-B8C9-0BE68AF3110E}.Release|Win32.Build.0 = Release|Win32
		{0C454599-73FB-4F57-B8C9-0BE68AF3110E}.Release|x64.ActiveCfg = Release|x64
		{0C454599-73FB-4F57-B8C9-0BE68AF3110E}.Release|x64.Build.0 = Release|x64
		{F435A5D6-D589-41FA-8430-90C37401DE17}.Debug|Win32.ActiveCfg = Debug|Win32
		{F435A5D6-D589-41FA-8430-90C37401DE17}.Debug|Win32.Build.0 = Debug|Win32
		{F435A5D6-D589-41FA-8430-90C37401DE17}.Debug|x64.ActiveCfg = Debug|Win32
		{F435A5D6-D589-41FA-8430-90C37401DE17}.Release|Win32.ActiveCfg = Release|Win32
		{F435A5D6-D589-41FA-8430-90C37401DE17}.Release|Win32.Build.0 = Release|Win32
		{F435A5D6-D589-41FA-8430-90C37401DE17}.Release|x64.ActiveCfg = Release|Win32
		{F435A5D6-D589-41FA-8430-90C37401DE17}.Release|x64.Build.0 = Release|Win32
		{66231B4E-059F-42B5-8B6D-0B22AD6DFC64}.Debug|Win32.ActiveCfg = Debug|Win32
		{66231B4E-059F-42B5-8B6D-0B22AD6DFC64}.Debug|Win32.Build.0 = Debug|Win32
		{66231B4E-059F-42B5-8B6D-0B22AD6DFC64}.Debug|x64.ActiveCfg = Debug|x64
		{66231B4E-059F-42B5-8B6D-0B22AD6DFC64}.Debug|x64.Build.0 = Debug|x64
		{66231B4E-059F-42B5-8B6D-0B22AD6DFC64}.Release|Win32.ActiveCfg = Release|Win32
		{66231B4E-059F-42B5-8B6D-0B22AD6DFC64}.Release|Win32.Build.0 = Release|Win32
		{66231B4E-059F-42B5-8B6D-0B22AD6DFC64}.Release|x64.ActiveCfg = Release|x64
		{66231B4E-059F-42B5-8B6D-0B22AD6DFC64}.Release|x64.Build.0 = Release|x64
		{F6B2D0CE-1772-4A76-BB46-FEB7C179370A}.Debug|Win32.ActiveCfg = Debug|Win32
		{F6B2D0CE-1772-4A76-BB46-FEB7C179370A}.Debug|Win32.Build.0 = Debug|Win32
		{F6B2D0CE-1772-4A76-BB46-FEB7C179370A}.Debug|x64.ActiveCfg = Debug|x64
		{F6B2D0CE-1772-4A76-BB46-FEB7C179370A}.Debug|x64.Build.0 = Debug|x64
		{F6B2D0CE-1772-4A76-BB46-FEB7C179370A}.Release|Win32.ActiveCfg = Release|Win32
		{F6B2D0CE-1772-4A76-BB46-FEB7C179370A}.Release|Win32.Build.0 = Release|Win32
		{F6B2D0CE-1772-4A76-BB46-FEB7C179370A}.Release|x64.ActiveCfg = Release|x64
		{F6B2D0CE-1772-4A76-BB46-FEB7C179370A}.Release|x64.Build.0 = Release|x64
		{0AF7A2B2-BB6A-49EF-99BF-886525F51821}.Debug|Win32.ActiveCfg = Debug|Win32
		{0AF7A2B2-BB6A-49EF-99BF-886525F51821}.Debug|Win32.Build.0 = Debug|Win32
		{0AF7A2B2-BB6A-49EF-99BF-886525F51821}.Debug|x64.ActiveCfg = Debug|x64
		{0AF7A2B2-BB6A-49EF-99BF-886525F51821}.Debug|x64.Build.0 = Debug|x64
		{0AF7A2B2-BB6A-49EF-99BF-886525F51821}.Release|Win32.ActiveCfg = Release|Win32
		{0AF7A2B2-BB6A-49EF-99BF-886525F51821}.Release|Win32.Build.0 = Release|Win32
		{0AF7A2B2-BB6A-49EF-99BF-886525F51821}.Release|x64.ActiveCfg = Release|x64
		{0AF7A2B2-BB6A-49EF-99BF-886525F51821}.Release|x64.Build.0 = Release|x64
		{0B434F56-68C4-4627-BE2F-BE20A5E97F2D}.Debug|Win32.ActiveCfg = Debug|Win32
		{0B434F56-68C4-4627-BE2F-BE20A5E97F2D}.Debug|Win32.Build.0 = Debug|Win32
		{0B434F56-68C4-4627-BE2F-BE20A5E97F2D}.Debug|x64.ActiveCfg = Debug|x64
		{0B434F56-68C4-4627-BE2F-BE20A5E97F2D}.Debug|x64.Build.0 = Debug|x64
		{0B434F56-68C4-4627-BE2F-BE20A5E97F2D}.Release|Win32.ActiveCfg = Release|Win32
		{0B434F56-68C4-4627-BE2F-BE20A5E97F2D}.Release|Win32.Build.0 = Release|Win32
		{0B434F56-68C4-4627-BE2F-BE20A5E97F2D}.Release|x64.ActiveCfg = Release|x64
		{0B434F56-68C4-4627-BE2F-BE20A5E97F2D}.Release|x64.Build.0 = Release|x64
		{A5627E7A-6C18-4D04-A7DE-5445F39E1CAB}.Debug|Win32.ActiveCfg = Debug|Win32
		{A5627E7A-6C18-4D04-A7DE-5445F39E1CAB}.Debug|Win32.Build.0 = Debug|Win32
		{A5627E7A-6C18-4D04-A7DE-5445F39E1CAB}.Debug|x64.ActiveCfg = Debug|x64
		{A5627E7A-6C18-4D04-A7DE-5445F39E1CAB}.Debug|x64.Build.0 = Debug|x64
		{A5627E7A-6C18-4D04-A7DE-5445F39E1CAB}.Release|Win32.ActiveCfg = Release|Win32
		{A5627E7A-6C18-4D04-A7DE-5445F39E1CAB}.Release|Win32.Build.0 = Release|Win32
		{A5627E7A-6C18-4D04-A7DE-5445F39E1CAB}.Release|x64.ActiveCfg = Release|x64
		{A5627E7A-6C18-4D04-A7DE-5445F39E1CAB}.Release|x64.Build.0 = Release|x64
		{8C66849E-892F-41DD-AF5D-11DC22FCA013}.Debug|Win32.ActiveCfg = Debug|Win32
		{8C66849E-892F-41DD-AF5D-11DC22FCA013}.Debug|Win32.Build.0 = Debug|Win32
		{8C66849E-892F-41DD-AF5D-11DC22FCA013}.Debug|x64.ActiveCfg = Debug|x64
		{8C66849E-892F-41DD-AF5D-11DC22FCA013}.Debug|x64.Build.0 = Debug|x64
		{8C66849E-892F-41DD-AF5D-11DC22FCA013}.Release|Win32.ActiveCfg = Release|Win32
		{8C66849E-892F-41DD-AF5D-11DC22FCA013}.Release|Win32.Build.0 = Release|Win32
		{8C66849E-892F-41DD-AF5D-11DC22FCA013}.Release|x64.ActiveCfg = Release|x64
		{8C66849E-892F-41DD-AF5D-11DC22FCA013}.Release|x64.Build.0 = Release|x64
		{7B17BE9E-D4A6-4652-BDE8-80FDE0DDC7D4}.Debug|Win32.ActiveCfg = Debug|Win32
		{7B17BE9E-D4A6-4652-BDE8-80FDE0DDC7D4}.Debug|Win32.Build.0 = Debug|Win32
		{7B17BE9E-D4A6-4652-BDE8-80FDE0DDC7D4}.Debug|x64.ActiveCfg = Debug|x64
		{7B17BE9E-D4A6-4652-BDE8-80FDE0DDC7D4}.Debug|x64.Build.0 = Debug|x64
		{7B17BE9E-D4A6-4652-BDE8-80FDE0DDC7D4}.Release|Win32.ActiveCfg = Release|Win32
		{7B17BE9E-D4A6-4652-BDE8-80FDE0DDC7D4}.Release|Win32.Build.0 = Release|Win32
		{7B17BE9E-D4A6-4652-BDE8-80FDE0DDC7D4}.Release|x64.ActiveCfg = Release|x64
		{7B17BE9E-D4A6-4652-BDE8-80FDE0DDC7D4}.Release|x64.Build.0 = Release|x64
		{BB5B3C11-F77A-4C46-AE5A-76153DD0CA79}.Debug|Win32.ActiveCfg = Debug|Win32
		{BB5B3C11-F77A-4C46-AE5A-76153DD0CA79}.Debug|Win32.Build.0 = Debug|Win32
		{BB5B3C11-F77A-4C46-AE5A-76153DD0CA79}.Debug|x64.ActiveCfg = Debug|x64
		{BB5B3C11-F77A-4C46-AE5A-76153DD0CA79}.Debug|x64.Build.0 = Debug|x64
		{BB5B3C11-F77A-4C46-AE5A-76153DD0CA79}.Release|Win32.ActiveCfg = Release|Win32
		{BB5B3C11-F77A-4C46-AE5A-76153DD0CA79}.Release|Win32.Build.0 = Release|Win32
		{BB5B3C11-F77A-4C46-AE5A-76153DD0CA79}.Release|x64.ActiveCfg = Release|x64
		{BB5B3C11-F77A-4C46-AE5A-76153DD0CA79}.Release|x64.Build.0 = Release|x64
		{FED853B7-B02A-49FC-9FA9-DFCF8479841A}.Debug|Win32.ActiveCfg = Debug|Win32
		{FED853B7-B02A-49FC-9FA9-DFCF8479841A}.Debug|Win32.Build.0 = Debug|Win32
		{FED853B7-B02A-49FC-9FA9-DFCF8479841A}.Debug|x64.ActiveCfg = Debug|x64
		{FED853B7-B02A-49FC-9FA9-DFCF8479841A}.Debug|x64.Build.0 = Debug|x64
		{FED853B7-B02A-49FC-9FA9-DFCF8479841A}.Release|Win32.ActiveCfg = Release|Win32
		{FED853B7-B02A-49FC-9FA9-DFCF8479841A}.Release|Win32.Build.0 = Release|Win32
		{FED853B7-B02A-49FC-9FA9-DFCF8479841A}.Release|x64.ActiveCfg = Release|x64
		{FED853B7-B02A-49FC-9FA9-DFCF8479841A}.Release|x64.Build.0 = Release|x64
		{155D1AED-B54E-4C90-8152-246E0C01EC84}.Debug|Win32.ActiveCfg = Debug|Win32
		{155D1AED-B54E-4C90-8152-246E0C01EC84}.Debug|Win32.Build.0 = Debug|Win32
		{155D1AED-B54E-4C90-8152-246E0C01EC84}.Debug|x64.ActiveCfg = Debug|x64
		{155D1AED-B54E-4C90-8152-246E0C01EC84}.Debug|x64.Build.0 = Debug|x64
		{155D1AED-B54E-4C90-8152-246E0C01EC84}.Release|Win32.ActiveCfg = Release|Win32
		{155D1AED-B54E-4C90-8152-246E0C01EC84}.Release|Win32.Build.0 = Release|Win32
		{155D1AED-B54E-4C90-8152-246E0C01EC84}.Release|x64.ActiveCfg = Release|x64
		{155D1AED-B54E-4C90-8152-246E0C01EC84}.Release|x64.Build.0 = Release|x64
		{9F42E7FC-954C-4473-A9FC-F354CEC77393}.Debug|Win32.ActiveCfg = Debug|Win32
		{9F42E7FC-954C-4473-A9FC-F354CEC77393}.Debug|x64.ActiveCfg = Debug|x64
		{9F42E7FC-954C-4473-A9FC-F354CEC77393}.Debug|x64.Build.0 = Debug|x64
		{9F42E7FC-954C-4473-A9FC-F354CEC77393}.Release|Win32.ActiveCfg = Release|Win32
		{9F42E7FC-954C-4473-A9FC-F354CEC77393}.Release|x64.ActiveCfg = Release|x64
		{9F42E7FC-954C-4473-A9FC-F354CEC77393}.Release|x64.Build.0 = Release|x64
		{64D4ABD4-4C7D-47AC-A7E2-BCB6D1F1CF81}.Debug|Win32.ActiveCfg = Debug|Win32
		{64D4ABD4-4C7D-47AC-A7E2-BCB6D1F1CF81}.Debug|Win32.Build.0 = Debug|Win32
		{64D4ABD4-4C7D-47AC-A7E2-BCB6D1F1CF81}.Debug|x64.ActiveCfg = Debug|x64
		{64D4ABD4-4C7D-47AC-A7E2-BCB6D1F1CF81}.Debug|x64.Build.0 = Debug|x64
		{64D4ABD4-4C7D-47AC-A7E2-BCB6D1F1CF81}.Release|Win32.ActiveCfg = Release|Win32
		{64D4ABD4-4C7D-47AC-A7E2-BCB6D1F1CF81}.Release|Win32.Build.0 = Release|Win32
		{64D4ABD4-4C7D-47AC-A7E2-BCB6D1F1CF81}.Release|x64.ActiveCfg = Release|x64
		{64D4ABD4-4C7D-47AC-A7E2-BCB6D1F1CF81}.Release|x64.Build.0 = Release|x64
		{4E267C5E-6A43-4E20-A2B9-8C9526F97215}.Debug|Win32.ActiveCfg = Debug|Win32
		{4E267C5E-6A43-4E20-A2B9-8C9526F97215}.Debug|Win32.Build.0 = Debug|Win32
		{4E267C5E-6A43-4E20-A2B9-8C9526F97215}.Debug|x64.ActiveCfg = Debug|x64
		{4E267C5E-6A43-4E20-A2B9-8C9526F97215}.Debug|x64.Build.0 = Debug|x64
		{4E267C5E-6A43-4E20-A2B9-8C9526F97215}.Release|Win32.ActiveCfg = Release|Win32
		{4E267C5E-6A43-4E20-A2B9-8C9526F97215}.Release|Win32.Build.0 = Release|Win32
		{4E267C5E-6A43-4E20-A2B9-8C9526F97215}.Release|x64.ActiveCfg = Release|x64
		{4E267C5E-6A43-4E20-A2B9-8C9526F97215}.Release|x64.Build.0 = Release|x64
		{36F79680-796A-465E-9C87-0E76034AF16B}.Debug|Win32.ActiveCfg = Debug|Win32
		{36F79680-796A-465E-9C87-0E76034AF16B}.Debug|Win32.Build.0 = Debug|Win32
		{36F79680-796A-465E-9C87-0E76034AF16B}.Debug|x64.ActiveCfg = Debug|x64
		{36F79680-796A-465E-9C87-0E76034AF16B}.Debug|x64.Build.0 = Debug|x64
		{36F79680-796A-465E-9C87-0E76034AF16B}.Release|Win32.ActiveCfg = Release|Win32
		{36F79680-796A-465E-9C87-0E76034AF16B}.Release|Win32.Build.0 = Release|Win32
		{36F79680-796A-465E-9C87-0E76034AF16B}.Release|x64.ActiveCfg = Release|x64
		{36F79680-796A-465E-9C87-0E76034AF16B}.Release|x64.Build.0 = Release|x64
		{FA376FCE-E31C-4601-B4A7-3B976911E777}.Debug|Win32.ActiveCfg = Debug|Win32
		{FA376FCE-E31C-4601-B4A7-3B976911E777}.Debug|Win32.Build.0 = Debug|Win32
		{FA376FCE-E31C-4601-B4A7-3B976911E777}.Debug|x64.ActiveCfg = Debug|x64
		{FA376FCE-E31C-4601-B4A7-3B976911E777}.Debug|x64.Build.0 = Debug|x64
		{FA376FCE-E31C-4601-B4A7-3B976911E777}.Release|Win32.ActiveCfg = Release|Win32
		{FA376FCE-E31C-4601-B4A7-3B976911E777}.Release|Win32.Build.0 = Release|Win32
		{FA376FCE-E31C-4601-B4A7-3B976911E777}.Release|x64.ActiveCfg = Release|x64
		{FA376FCE-E31C-4601-B4A7-3B976911E777}.Release|x64.Build.0 = Release|x64
		{4168C61E-16EF-4196-9E3D-D21F18234CAF}.Debug|Win32.ActiveCfg = Debug|Win32
		{4168C61E-16EF-4196-9E3D-D21F18234CAF}.Debug|Win32.Build.0 = Debug|Win32
		{4168C61E-16EF-4196-9E3D-D21F18234CAF}.Debug|x64.ActiveCfg = Debug|x64
		{4168C61E-16EF-4196-9E3D-D21F18234CAF}.Debug|x64.Build.0 = Debug|x64
		{4168C61E-16EF-4196-9E3D-D21F18234CAF}.Release|Win32.ActiveCfg = Release|Win32
		{4168C61E-16EF-4196-9E3D-D21F18234CAF}.Release|Win32.Build.0 = Release|Win32
		{4168C61E-16EF-4196-9E3D-D21F18234CAF}.Release|x64.ActiveCfg = Release|x64
		{4168C61E-16EF-4196-9E3D-D21F18234CAF}.Release|x64.Build.0 = Release|x64
	EndGlobalSection
	GlobalSection(SolutionProperties) = preSolution
		HideSolutionNode = FALSE
	EndGlobalSection
	GlobalSection(NestedProjects) = preSolution
		{BCB55952-3128-454B-B060-C53A3C1CCA14} = {086A9AB4-23AC-41C8-A422-A7CF714413CF}
		{FEC92998-8D28-42CE-886D-21D17A263D24} = {086A9AB4-23AC-41C8-A422-A7CF714413CF}
		{F7DCFF24-19CD-4FE6-BDDF-6029670E77D6} = {55923E6A-021C-40AF-9977-C9E3072B697B}
		{1AEF4F9B-7227-4B51-9ADE-CDED9427C0B5} = {55923E6A-021C-40AF-9977-C9E3072B697B}
		{7656FF69-D1A3-4FA1-AB04-7C0089777CA7} = {55923E6A-021C-40AF-9977-C9E3072B697B}
		{9875FF3B-A8F4-4221-B27A-0D092F5CF816} = {55923E6A-021C-40AF-9977-C9E3072B697B}
		{0C454599-73FB-4F57-B8C9-0BE68AF3110E} = {55923E6A-021C-40AF-9977-C9E3072B697B}
		{F435A5D6-D589-41FA-8430-90C37401DE17} = {55923E6A-021C-40AF-9977-C9E3072B697B}
		{66231B4E-059F-42B5-8B6D-0B22AD6DFC64} = {55923E6A-021C-40AF-9977-C9E3072B697B}
		{F6B2D0CE-1772-4A76-BB46-FEB7C179370A} = {55923E6A-021C-40AF-9977-C9E3072B697B}
		{0B434F56-68C4-4627-BE2F-BE20A5E97F2D} = {55923E6A-021C-40AF-9977-C9E3072B697B}
		{FED853B7-B02A-49FC-9FA9-DFCF8479841A} = {55923E6A-021C-40AF-9977-C9E3072B697B}
		{155D1AED-B54E-4C90-8152-246E0C01EC84} = {55923E6A-021C-40AF-9977-C9E3072B697B}
		{9F42E7FC-954C-4473-A9FC-F354CEC77393} = {55923E6A-021C-40AF-9977-C9E3072B697B}
		{8EEB6A31-BBE4-450C-AEF6-E4F81F63EF46} = {BCB55952-3128-454B-B060-C53A3C1CCA14}
		{0AF7A2B2-BB6A-49EF-99BF-886525F51821} = {C38F02E0-99EB-4B94-8134-5F777118B1A8}
		{A5627E7A-6C18-4D04-A7DE-5445F39E1CAB} = {C38F02E0-99EB-4B94-8134-5F777118B1A8}
		{8C66849E-892F-41DD-AF5D-11DC22FCA013} = {C38F02E0-99EB-4B94-8134-5F777118B1A8}
		{7B17BE9E-D4A6-4652-BDE8-80FDE0DDC7D4} = {C38F02E0-99EB-4B94-8134-5F777118B1A8}
		{BB5B3C11-F77A-4C46-AE5A-76153DD0CA79} = {C38F02E0-99EB-4B94-8134-5F777118B1A8}
		{64D4ABD4-4C7D-47AC-A7E2-BCB6D1F1CF81} = {C38F02E0-99EB-4B94-8134-5F777118B1A8}
		{4E267C5E-6A43-4E20-A2B9-8C9526F97215} = {C38F02E0-99EB-4B94-8134-5F777118B1A8}
		{36F79680-796A-465E-9C87-0E76034AF16B} = {C38F02E0-99EB-4B94-8134-5F777118B1A8}
		{FA376FCE-E31C-4601-B4A7-3B976911E777} = {C38F02E0-99EB-4B94-8134-5F777118B1A8}
		{4168C61E-16EF-4196-9E3D-D21F18234CAF} = {C38F02E0-99EB-4B94-8134-5F777118B1A8}
	EndGlobalSection
EndGlobal
