
Microsoft Visual Studio Solution File, Format Version 11.00
# Visual Studio 2010
Project("{8BC9CEB8-8B4A-11D0-8D11-00A0C91BC942}") = "VxKexLdr", "VxKexLdr\VXKEXLDR.vcxproj", "{3D66E318-A1FC-470A-84B0-C5B35DBA7E4E}"
	ProjectSection(ProjectDependencies) = postProject
		{24FC500A-AA39-4886-B19F-4ADB19642DB9} = {24FC500A-AA39-4886-B19F-4ADB19642DB9}
	EndProjectSection
EndProject
Project("{8BC9CEB8-8B4A-11D0-8D11-00A0C91BC942}") = "KexShlEx", "KexShlEx\KexShlEx.vcxproj", "{0C454599-73FB-4F57-B8C9-0BE68AF3110E}"
	ProjectSection(ProjectDependencies) = postProject
		{24FC500A-AA39-4886-B19F-4ADB19642DB9} = {24FC500A-AA39-4886-B19F-4ADB19642DB9}
	EndProjectSection
EndProject
Project("{8BC9CEB8-8B4A-11D0-8D11-00A0C91BC942}") = "KexCfg", "KexCfg\KexCfg.vcxproj", "{3E126701-0D6C-404F-821D-F51F2B1BB0FB}"
	ProjectSection(ProjectDependencies) = postProject
		{24FC500A-AA39-4886-B19F-4ADB19642DB9} = {24FC500A-AA39-4886-B19F-4ADB19642DB9}
	EndProjectSection
EndProject
Project("{8BC9CEB8-8B4A-11D0-8D11-00A0C91BC942}") = "KexSetup", "KexSetup\KexSetup.vcxproj", "{9B3D1588-BDBB-4F20-9362-B9508168A675}"
	ProjectSection(ProjectDependencies) = postProject
		{3E126701-0D6C-404F-821D-F51F2B1BB0FB} = {3E126701-0D6C-404F-821D-F51F2B1BB0FB}
		{24FC500A-AA39-4886-B19F-4ADB19642DB9} = {24FC500A-AA39-4886-B19F-4ADB19642DB9}
		{3688EE16-AA48-414C-A8FA-6814C767CAEC} = {3688EE16-AA48-414C-A8FA-6814C767CAEC}
		{3D66E318-A1FC-470A-84B0-C5B35DBA7E4E} = {3D66E318-A1FC-470A-84B0-C5B35DBA7E4E}
		{09F0931A-069E-4158-AE74-976DA2ED315C} = {09F0931A-069E-4158-AE74-976DA2ED315C}
		{BF6B3B1C-B11A-480E-9308-C08E25B4A840} = {BF6B3B1C-B11A-480E-9308-C08E25B4A840}
		{DE196927-ADF7-492A-B5D0-8A0B6F3F0D34} = {DE196927-ADF7-492A-B5D0-8A0B6F3F0D34}
		{9C6F483B-B932-4AB5-B664-090C4925A217} = {9C6F483B-B932-4AB5-B664-090C4925A217}
		{49450E57-202A-45E9-8A62-FB849AEF0880} = {49450E57-202A-45E9-8A62-FB849AEF0880}
		{B66C9C69-C6C1-421C-97CB-5EA5BED49794} = {B66C9C69-C6C1-421C-97CB-5EA5BED49794}
		{8FED5F6A-0C4A-479F-9C85-763C33621454} = {8FED5F6A-0C4A-479F-9C85-763C33621454}
		{0C454599-73FB-4F57-B8C9-0BE68AF3110E} = {0C454599-73FB-4F57-B8C9-0BE68AF3110E}
		{87F4C1B3-9E80-46A6-A4B1-E451F4A37C99} = {87F4C1B3-9E80-46A6-A4B1-E451F4A37C99}
		{167208CD-E59F-4709-9ADD-6880115C11D8} = {167208CD-E59F-4709-9ADD-6880115C11D8}
		{F10B32ED-46F7-4566-A2DA-A2373FFE6550} = {F10B32ED-46F7-4566-A2DA-A2373FFE6550}
	EndProjectSection
EndProject
Project("{8BC9CEB8-8B4A-11D0-8D11-00A0C91BC942}") = "combase", "combase\combase.vcxproj", "{49450E57-202A-45E9-8A62-FB849AEF0880}"
EndProject
Project("{8BC9CEB8-8B4A-11D0-8D11-00A0C91BC942}") = "dxg1", "dxg1\dxg1.vcxproj", "{167208CD-E59F-4709-9ADD-6880115C11D8}"
EndProject
Project("{8BC9CEB8-8B4A-11D0-8D11-00A0C91BC942}") = "kernel33", "kernel33\kernel33.vcxproj", "{3688EE16-AA48-414C-A8FA-6814C767CAEC}"
	ProjectSection(ProjectDependencies) = postProject
		{DE196927-ADF7-492A-B5D0-8A0B6F3F0D34} = {DE196927-ADF7-492A-B5D0-8A0B6F3F0D34}
	EndProjectSection
EndProject
Project("{8BC9CEB8-8B4A-11D0-8D11-00A0C91BC942}") = "ole33", "ole33\ole33.vcxproj", "{09F0931A-069E-4158-AE74-976DA2ED315C}"
EndProject
Project("{2150E333-8FDC-42A3-9474-1A3956D46DE8}") = "ExtendedDlls", "ExtendedDlls", "{24B3C1A8-9F57-443A-9BF8-D7A82313C934}"
EndProject
Project("{2150E333-8FDC-42A3-9474-1A3956D46DE8}") = "KexComponents", "KexComponents", "{7457560B-11A4-45FE-919A-52760C90A533}"
EndProject
Project("{8BC9CEB8-8B4A-11D0-8D11-00A0C91BC942}") = "shcore", "shcore\shcore.vcxproj", "{8FED5F6A-0C4A-479F-9C85-763C33621454}"
	ProjectSection(ProjectDependencies) = postProject
		{B66C9C69-C6C1-421C-97CB-5EA5BED49794} = {B66C9C69-C6C1-421C-97CB-5EA5BED49794}
	EndProjectSection
EndProject
Project("{8BC9CEB8-8B4A-11D0-8D11-00A0C91BC942}") = "user33", "user33\user33.vcxproj", "{B66C9C69-C6C1-421C-97CB-5EA5BED49794}"
EndProject
Project("{2150E333-8FDC-42A3-9474-1A3956D46DE8}") = "DevUtils", "DevUtils", "{AD8ACE63-A6D9-4859-B00A-ADD908FC3C5A}"
EndProject
Project("{2150E333-8FDC-42A3-9474-1A3956D46DE8}") = "Common Headers", "Common Headers", "{14941210-9C7B-4C81-8BE8-9B0AEDEE42C3}"
	ProjectSection(SolutionItems) = preProject
		KexComm.h = KexComm.h
		KexData.h = KexData.h
		KexDll.h = KexDll.h
		NtDll.h = NtDll.h
		VxKex.h = VxKex.h
	EndProjectSection
EndProject
Project("{8BC9CEB8-8B4A-11D0-8D11-00A0C91BC942}") = "KexComm", "KexComm\KexComm.vcxproj", "{24FC500A-AA39-4886-B19F-4ADB19642DB9}"
EndProject
Project("{8BC9CEB8-8B4A-11D0-8D11-00A0C91BC942}") = "KexExprt", "KexExprt\KexExprt.vcxproj", "{1E020116-467E-4D16-8C80-0CC2867965E5}"
	ProjectSection(ProjectDependencies) = postProject
		{24FC500A-AA39-4886-B19F-4ADB19642DB9} = {24FC500A-AA39-4886-B19F-4ADB19642DB9}
	EndProjectSection
EndProject
Project("{2150E333-8FDC-42A3-9474-1A3956D46DE8}") = "Tests", "Tests", "{924C645A-99E2-474C-818A-B67AF408684C}"
EndProject
Project("{8BC9CEB8-8B4A-11D0-8D11-00A0C91BC942}") = "pathcch", "pathcch\pathcch.vcxproj", "{58479936-C910-4759-BE51-7248B43A36C4}"
	ProjectSection(ProjectDependencies) = postProject
		{DE196927-ADF7-492A-B5D0-8A0B6F3F0D34} = {DE196927-ADF7-492A-B5D0-8A0B6F3F0D34}
	EndProjectSection
EndProject
Project("{8BC9CEB8-8B4A-11D0-8D11-00A0C91BC942}") = "woa", "woa\woa.vcxproj", "{5D5D44E0-B4AE-4ECC-819C-04F5EF69FA9E}"
EndProject
Project("{8BC9CEB8-8B4A-11D0-8D11-00A0C91BC942}") = "kernelba33", "kernelba33\kernelba33.vcxproj", "{DE196927-ADF7-492A-B5D0-8A0B6F3F0D34}"
	ProjectSection(ProjectDependencies) = postProject
		{BF6B3B1C-B11A-480E-9308-C08E25B4A840} = {BF6B3B1C-B11A-480E-9308-C08E25B4A840}
	EndProjectSection
EndProject
Project("{2150E333-8FDC-42A3-9474-1A3956D46DE8}") = "Common Headers", "Common Headers", "{F7EED31F-4304-440F-AC6D-96F680C5D924}"
	ProjectSection(SolutionItems) = preProject
		BaseDll.h = BaseDll.h
		KexDll.h = KexDll.h
	EndProjectSection
EndProject
Project("{8BC9CEB8-8B4A-11D0-8D11-00A0C91BC942}") = "ntd33", "ntd33\ntd33.vcxproj", "{BF6B3B1C-B11A-480E-9308-C08E25B4A840}"
	ProjectSection(ProjectDependencies) = postProject
		{24FC500A-AA39-4886-B19F-4ADB19642DB9} = {24FC500A-AA39-4886-B19F-4ADB19642DB9}
	EndProjectSection
EndProject
Project("{8BC9CEB8-8B4A-11D0-8D11-00A0C91BC942}") = "powrpr0f", "powrpr0f\powrpr0f.vcxproj", "{9C6F483B-B932-4AB5-B664-090C4925A217}"
EndProject
Project("{8BC9CEB8-8B4A-11D0-8D11-00A0C91BC942}") = "MFPl4t", "MFPl4t\MFPl4t.vcxproj", "{87F4C1B3-9E80-46A6-A4B1-E451F4A37C99}"
EndProject
Project("{8BC9CEB8-8B4A-11D0-8D11-00A0C91BC942}") = "BluetoothApis", "BluetoothApis\BluetoothApis.vcxproj", "{F10B32ED-46F7-4566-A2DA-A2373FFE6550}"
EndProject
Project("{8BC9CEB8-8B4A-11D0-8D11-00A0C91BC942}") = "test_dll_notifications", "test_dll_notifications\test_dll_notifications.vcxproj", "{4AEA749D-8F92-4F2C-9AF4-46109CB5868E}"
EndProject
Project("{8BC9CEB8-8B4A-11D0-8D11-00A0C91BC942}") = "VxKexMon", "VxKexMon\VxKexMon.vcxproj", "{DDECA7A3-82AC-405B-88F3-EDBA28CEF0C5}"
EndProject
Project("{2150E333-8FDC-42A3-9474-1A3956D46DE8}") = "Documentation", "Documentation", "{2684E7C2-7A0E-4086-ABAB-75C37A620CFB}"
	ProjectSection(SolutionItems) = preProject
		AppSpecificHacks.txt = AppSpecificHacks.txt
		ChangeLog.txt = ChangeLog.txt
		CompatList.txt = CompatList.txt
		Readme.txt = Readme.txt
	EndProjectSection
EndProject
Project("{8BC9CEB8-8B4A-11D0-8D11-00A0C91BC942}") = "VXLL", "VXLL\VXLL.vcxproj", "{41D047EC-1A3E-4F7E-A744-A0A39C57A40A}"
EndProject
Global
	GlobalSection(SolutionConfigurationPlatforms) = preSolution
		Debug|Win32 = Debug|Win32
		Debug|x64 = Debug|x64
		Release|Win32 = Release|Win32
		Release|x64 = Release|x64
	EndGlobalSection
	GlobalSection(ProjectConfigurationPlatforms) = postSolution
		{3D66E318-A1FC-470A-84B0-C5B35DBA7E4E}.Debug|Win32.ActiveCfg = Debug|Win32
		{3D66E318-A1FC-470A-84B0-C5B35DBA7E4E}.Debug|Win32.Build.0 = Debug|Win32
		{3D66E318-A1FC-470A-84B0-C5B35DBA7E4E}.Debug|x64.ActiveCfg = Debug|x64
		{3D66E318-A1FC-470A-84B0-C5B35DBA7E4E}.Debug|x64.Build.0 = Debug|x64
		{3D66E318-A1FC-470A-84B0-C5B35DBA7E4E}.Release|Win32.ActiveCfg = Release|Win32
		{3D66E318-A1FC-470A-84B0-C5B35DBA7E4E}.Release|Win32.Build.0 = Release|Win32
		{3D66E318-A1FC-470A-84B0-C5B35DBA7E4E}.Release|x64.ActiveCfg = Release|x64
		{3D66E318-A1FC-470A-84B0-C5B35DBA7E4E}.Release|x64.Build.0 = Release|x64
		{0C454599-73FB-4F57-B8C9-0BE68AF3110E}.Debug|Win32.ActiveCfg = Debug|Win32
		{0C454599-73FB-4F57-B8C9-0BE68AF3110E}.Debug|Win32.Build.0 = Debug|Win32
		{0C454599-73FB-4F57-B8C9-0BE68AF3110E}.Debug|x64.ActiveCfg = Debug|x64
		{0C454599-73FB-4F57-B8C9-0BE68AF3110E}.Debug|x64.Build.0 = Debug|x64
		{0C454599-73FB-4F57-B8C9-0BE68AF3110E}.Release|Win32.ActiveCfg = Release|Win32
		{0C454599-73FB-4F57-B8C9-0BE68AF3110E}.Release|Win32.Build.0 = Release|Win32
		{0C454599-73FB-4F57-B8C9-0BE68AF3110E}.Release|x64.ActiveCfg = Release|x64
		{0C454599-73FB-4F57-B8C9-0BE68AF3110E}.Release|x64.Build.0 = Release|x64
		{3E126701-0D6C-404F-821D-F51F2B1BB0FB}.Debug|Win32.ActiveCfg = Debug|Win32
		{3E126701-0D6C-404F-821D-F51F2B1BB0FB}.Debug|Win32.Build.0 = Debug|Win32
		{3E126701-0D6C-404F-821D-F51F2B1BB0FB}.Debug|x64.ActiveCfg = Debug|x64
		{3E126701-0D6C-404F-821D-F51F2B1BB0FB}.Debug|x64.Build.0 = Debug|x64
		{3E126701-0D6C-404F-821D-F51F2B1BB0FB}.Release|Win32.ActiveCfg = Release|Win32
		{3E126701-0D6C-404F-821D-F51F2B1BB0FB}.Release|Win32.Build.0 = Release|Win32
		{3E126701-0D6C-404F-821D-F51F2B1BB0FB}.Release|x64.ActiveCfg = Release|x64
		{3E126701-0D6C-404F-821D-F51F2B1BB0FB}.Release|x64.Build.0 = Release|x64
		{9B3D1588-BDBB-4F20-9362-B9508168A675}.Debug|Win32.ActiveCfg = Debug|Win32
		{9B3D1588-BDBB-4F20-9362-B9508168A675}.Debug|Win32.Build.0 = Debug|Win32
		{9B3D1588-BDBB-4F20-9362-B9508168A675}.Debug|x64.ActiveCfg = Debug|x64
		{9B3D1588-BDBB-4F20-9362-B9508168A675}.Debug|x64.Build.0 = Debug|x64
		{9B3D1588-BDBB-4F20-9362-B9508168A675}.Release|Win32.ActiveCfg = Release|Win32
		{9B3D1588-BDBB-4F20-9362-B9508168A675}.Release|Win32.Build.0 = Release|Win32
		{9B3D1588-BDBB-4F20-9362-B9508168A675}.Release|x64.ActiveCfg = Release|x64
		{9B3D1588-BDBB-4F20-9362-B9508168A675}.Release|x64.Build.0 = Release|x64
		{49450E57-202A-45E9-8A62-FB849AEF0880}.Debug|Win32.ActiveCfg = Debug|Win32
		{49450E57-202A-45E9-8A62-FB849AEF0880}.Debug|Win32.Build.0 = Debug|Win32
		{49450E57-202A-45E9-8A62-FB849AEF0880}.Debug|x64.ActiveCfg = Debug|x64
		{49450E57-202A-45E9-8A62-FB849AEF0880}.Debug|x64.Build.0 = Debug|x64
		{49450E57-202A-45E9-8A62-FB849AEF0880}.Release|Win32.ActiveCfg = Release|Win32
		{49450E57-202A-45E9-8A62-FB849AEF0880}.Release|Win32.Build.0 = Release|Win32
		{49450E57-202A-45E9-8A62-FB849AEF0880}.Release|x64.ActiveCfg = Release|x64
		{49450E57-202A-45E9-8A62-FB849AEF0880}.Release|x64.Build.0 = Release|x64
		{167208CD-E59F-4709-9ADD-6880115C11D8}.Debug|Win32.ActiveCfg = Debug|Win32
		{167208CD-E59F-4709-9ADD-6880115C11D8}.Debug|Win32.Build.0 = Debug|Win32
		{167208CD-E59F-4709-9ADD-6880115C11D8}.Debug|x64.ActiveCfg = Debug|x64
		{167208CD-E59F-4709-9ADD-6880115C11D8}.Debug|x64.Build.0 = Debug|x64
		{167208CD-E59F-4709-9ADD-6880115C11D8}.Release|Win32.ActiveCfg = Release|Win32
		{167208CD-E59F-4709-9ADD-6880115C11D8}.Release|Win32.Build.0 = Release|Win32
		{167208CD-E59F-4709-9ADD-6880115C11D8}.Release|x64.ActiveCfg = Release|x64
		{167208CD-E59F-4709-9ADD-6880115C11D8}.Release|x64.Build.0 = Release|x64
		{3688EE16-AA48-414C-A8FA-6814C767CAEC}.Debug|Win32.ActiveCfg = Debug|Win32
		{3688EE16-AA48-414C-A8FA-6814C767CAEC}.Debug|Win32.Build.0 = Debug|Win32
		{3688EE16-AA48-414C-A8FA-6814C767CAEC}.Debug|x64.ActiveCfg = Debug|x64
		{3688EE16-AA48-414C-A8FA-6814C767CAEC}.Debug|x64.Build.0 = Debug|x64
		{3688EE16-AA48-414C-A8FA-6814C767CAEC}.Release|Win32.ActiveCfg = Release|Win32
		{3688EE16-AA48-414C-A8FA-6814C767CAEC}.Release|Win32.Build.0 = Release|Win32
		{3688EE16-AA48-414C-A8FA-6814C767CAEC}.Release|x64.ActiveCfg = Release|x64
		{3688EE16-AA48-414C-A8FA-6814C767CAEC}.Release|x64.Build.0 = Release|x64
		{09F0931A-069E-4158-AE74-976DA2ED315C}.Debug|Win32.ActiveCfg = Debug|Win32
		{09F0931A-069E-4158-AE74-976DA2ED315C}.Debug|Win32.Build.0 = Debug|Win32
		{09F0931A-069E-4158-AE74-976DA2ED315C}.Debug|x64.ActiveCfg = Debug|x64
		{09F0931A-069E-4158-AE74-976DA2ED315C}.Debug|x64.Build.0 = Debug|x64
		{09F0931A-069E-4158-AE74-976DA2ED315C}.Release|Win32.ActiveCfg = Release|Win32
		{09F0931A-069E-4158-AE74-976DA2ED315C}.Release|Win32.Build.0 = Release|Win32
		{09F0931A-069E-4158-AE74-976DA2ED315C}.Release|x64.ActiveCfg = Release|x64
		{09F0931A-069E-4158-AE74-976DA2ED315C}.Release|x64.Build.0 = Release|x64
		{8FED5F6A-0C4A-479F-9C85-763C33621454}.Debug|Win32.ActiveCfg = Debug|Win32
		{8FED5F6A-0C4A-479F-9C85-763C33621454}.Debug|Win32.Build.0 = Debug|Win32
		{8FED5F6A-0C4A-479F-9C85-763C33621454}.Debug|x64.ActiveCfg = Debug|x64
		{8FED5F6A-0C4A-479F-9C85-763C33621454}.Debug|x64.Build.0 = Debug|x64
		{8FED5F6A-0C4A-479F-9C85-763C33621454}.Release|Win32.ActiveCfg = Release|Win32
		{8FED5F6A-0C4A-479F-9C85-763C33621454}.Release|Win32.Build.0 = Release|Win32
		{8FED5F6A-0C4A-479F-9C85-763C33621454}.Release|x64.ActiveCfg = Release|x64
		{8FED5F6A-0C4A-479F-9C85-763C33621454}.Release|x64.Build.0 = Release|x64
		{B66C9C69-C6C1-421C-97CB-5EA5BED49794}.Debug|Win32.ActiveCfg = Debug|Win32
		{B66C9C69-C6C1-421C-97CB-5EA5BED49794}.Debug|Win32.Build.0 = Debug|Win32
		{B66C9C69-C6C1-421C-97CB-5EA5BED49794}.Debug|x64.ActiveCfg = Debug|x64
		{B66C9C69-C6C1-421C-97CB-5EA5BED49794}.Debug|x64.Build.0 = Debug|x64
		{B66C9C69-C6C1-421C-97CB-5EA5BED49794}.Release|Win32.ActiveCfg = Release|Win32
		{B66C9C69-C6C1-421C-97CB-5EA5BED49794}.Release|Win32.Build.0 = Release|Win32
		{B66C9C69-C6C1-421C-97CB-5EA5BED49794}.Release|x64.ActiveCfg = Release|x64
		{B66C9C69-C6C1-421C-97CB-5EA5BED49794}.Release|x64.Build.0 = Release|x64
		{24FC500A-AA39-4886-B19F-4ADB19642DB9}.Debug|Win32.ActiveCfg = Debug|Win32
		{24FC500A-AA39-4886-B19F-4ADB19642DB9}.Debug|Win32.Build.0 = Debug|Win32
		{24FC500A-AA39-4886-B19F-4ADB19642DB9}.Debug|x64.ActiveCfg = Debug|x64
		{24FC500A-AA39-4886-B19F-4ADB19642DB9}.Debug|x64.Build.0 = Debug|x64
		{24FC500A-AA39-4886-B19F-4ADB19642DB9}.Release|Win32.ActiveCfg = Release|Win32
		{24FC500A-AA39-4886-B19F-4ADB19642DB9}.Release|Win32.Build.0 = Release|Win32
		{24FC500A-AA39-4886-B19F-4ADB19642DB9}.Release|x64.ActiveCfg = Release|x64
		{24FC500A-AA39-4886-B19F-4ADB19642DB9}.Release|x64.Build.0 = Release|x64
		{1E020116-467E-4D16-8C80-0CC2867965E5}.Debug|Win32.ActiveCfg = Debug|Win32
		{1E020116-467E-4D16-8C80-0CC2867965E5}.Debug|Win32.Build.0 = Debug|Win32
		{1E020116-467E-4D16-8C80-0CC2867965E5}.Debug|x64.ActiveCfg = Debug|x64
		{1E020116-467E-4D16-8C80-0CC2867965E5}.Debug|x64.Build.0 = Debug|x64
		{1E020116-467E-4D16-8C80-0CC2867965E5}.Release|Win32.ActiveCfg = Release|Win32
		{1E020116-467E-4D16-8C80-0CC2867965E5}.Release|Win32.Build.0 = Release|Win32
		{1E020116-467E-4D16-8C80-0CC2867965E5}.Release|x64.ActiveCfg = Release|x64
		{1E020116-467E-4D16-8C80-0CC2867965E5}.Release|x64.Build.0 = Release|x64
		{58479936-C910-4759-BE51-7248B43A36C4}.Debug|Win32.ActiveCfg = Debug|Win32
		{58479936-C910-4759-BE51-7248B43A36C4}.Debug|Win32.Build.0 = Debug|Win32
		{58479936-C910-4759-BE51-7248B43A36C4}.Debug|x64.ActiveCfg = Debug|x64
		{58479936-C910-4759-BE51-7248B43A36C4}.Debug|x64.Build.0 = Debug|x64
		{58479936-C910-4759-BE51-7248B43A36C4}.Release|Win32.ActiveCfg = Release|Win32
		{58479936-C910-4759-BE51-7248B43A36C4}.Release|Win32.Build.0 = Release|Win32
		{58479936-C910-4759-BE51-7248B43A36C4}.Release|x64.ActiveCfg = Release|x64
		{58479936-C910-4759-BE51-7248B43A36C4}.Release|x64.Build.0 = Release|x64
		{5D5D44E0-B4AE-4ECC-819C-04F5EF69FA9E}.Debug|Win32.ActiveCfg = Debug|Win32
		{5D5D44E0-B4AE-4ECC-819C-04F5EF69FA9E}.Debug|Win32.Build.0 = Debug|Win32
		{5D5D44E0-B4AE-4ECC-819C-04F5EF69FA9E}.Debug|x64.ActiveCfg = Debug|x64
		{5D5D44E0-B4AE-4ECC-819C-04F5EF69FA9E}.Debug|x64.Build.0 = Debug|x64
		{5D5D44E0-B4AE-4ECC-819C-04F5EF69FA9E}.Release|Win32.ActiveCfg = Release|Win32
		{5D5D44E0-B4AE-4ECC-819C-04F5EF69FA9E}.Release|Win32.Build.0 = Release|Win32
		{5D5D44E0-B4AE-4ECC-819C-04F5EF69FA9E}.Release|x64.ActiveCfg = Release|x64
		{5D5D44E0-B4AE-4ECC-819C-04F5EF69FA9E}.Release|x64.Build.0 = Release|x64
		{DE196927-ADF7-492A-B5D0-8A0B6F3F0D34}.Debug|Win32.ActiveCfg = Debug|Win32
		{DE196927-ADF7-492A-B5D0-8A0B6F3F0D34}.Debug|Win32.Build.0 = Debug|Win32
		{DE196927-ADF7-492A-B5D0-8A0B6F3F0D34}.Debug|x64.ActiveCfg = Debug|x64
		{DE196927-ADF7-492A-B5D0-8A0B6F3F0D34}.Debug|x64.Build.0 = Debug|x64
		{DE196927-ADF7-492A-B5D0-8A0B6F3F0D34}.Release|Win32.ActiveCfg = Release|Win32
		{DE196927-ADF7-492A-B5D0-8A0B6F3F0D34}.Release|Win32.Build.0 = Release|Win32
		{DE196927-ADF7-492A-B5D0-8A0B6F3F0D34}.Release|x64.ActiveCfg = Release|x64
		{DE196927-ADF7-492A-B5D0-8A0B6F3F0D34}.Release|x64.Build.0 = Release|x64
		{BF6B3B1C-B11A-480E-9308-C08E25B4A840}.Debug|Win32.ActiveCfg = Debug|Win32
		{BF6B3B1C-B11A-480E-9308-C08E25B4A840}.Debug|Win32.Build.0 = Debug|Win32
		{BF6B3B1C-B11A-480E-9308-C08E25B4A840}.Debug|x64.ActiveCfg = Debug|x64
		{BF6B3B1C-B11A-480E-9308-C08E25B4A840}.Debug|x64.Build.0 = Debug|x64
		{BF6B3B1C-B11A-480E-9308-C08E25B4A840}.Release|Win32.ActiveCfg = Release|Win32
		{BF6B3B1C-B11A-480E-9308-C08E25B4A840}.Release|Win32.Build.0 = Release|Win32
		{BF6B3B1C-B11A-480E-9308-C08E25B4A840}.Release|x64.ActiveCfg = Release|x64
		{BF6B3B1C-B11A-480E-9308-C08E25B4A840}.Release|x64.Build.0 = Release|x64
		{9C6F483B-B932-4AB5-B664-090C4925A217}.Debug|Win32.ActiveCfg = Debug|Win32
		{9C6F483B-B932-4AB5-B664-090C4925A217}.Debug|Win32.Build.0 = Debug|Win32
		{9C6F483B-B932-4AB5-B664-090C4925A217}.Debug|x64.ActiveCfg = Debug|x64
		{9C6F483B-B932-4AB5-B664-090C4925A217}.Debug|x64.Build.0 = Debug|x64
		{9C6F483B-B932-4AB5-B664-090C4925A217}.Release|Win32.ActiveCfg = Release|Win32
		{9C6F483B-B932-4AB5-B664-090C4925A217}.Release|Win32.Build.0 = Release|Win32
		{9C6F483B-B932-4AB5-B664-090C4925A217}.Release|x64.ActiveCfg = Release|x64
		{9C6F483B-B932-4AB5-B664-090C4925A217}.Release|x64.Build.0 = Release|x64
		{87F4C1B3-9E80-46A6-A4B1-E451F4A37C99}.Debug|Win32.ActiveCfg = Debug|Win32
		{87F4C1B3-9E80-46A6-A4B1-E451F4A37C99}.Debug|Win32.Build.0 = Debug|Win32
		{87F4C1B3-9E80-46A6-A4B1-E451F4A37C99}.Debug|x64.ActiveCfg = Debug|x64
		{87F4C1B3-9E80-46A6-A4B1-E451F4A37C99}.Debug|x64.Build.0 = Debug|x64
		{87F4C1B3-9E80-46A6-A4B1-E451F4A37C99}.Release|Win32.ActiveCfg = Release|Win32
		{87F4C1B3-9E80-46A6-A4B1-E451F4A37C99}.Release|Win32.Build.0 = Release|Win32
		{87F4C1B3-9E80-46A6-A4B1-E451F4A37C99}.Release|x64.ActiveCfg = Release|x64
		{87F4C1B3-9E80-46A6-A4B1-E451F4A37C99}.Release|x64.Build.0 = Release|x64
		{F10B32ED-46F7-4566-A2DA-A2373FFE6550}.Debug|Win32.ActiveCfg = Debug|Win32
		{F10B32ED-46F7-4566-A2DA-A2373FFE6550}.Debug|Win32.Build.0 = Debug|Win32
		{F10B32ED-46F7-4566-A2DA-A2373FFE6550}.Debug|x64.ActiveCfg = Debug|x64
		{F10B32ED-46F7-4566-A2DA-A2373FFE6550}.Debug|x64.Build.0 = Debug|x64
		{F10B32ED-46F7-4566-A2DA-A2373FFE6550}.Release|Win32.ActiveCfg = Release|Win32
		{F10B32ED-46F7-4566-A2DA-A2373FFE6550}.Release|Win32.Build.0 = Release|Win32
		{F10B32ED-46F7-4566-A2DA-A2373FFE6550}.Release|x64.ActiveCfg = Release|x64
		{F10B32ED-46F7-4566-A2DA-A2373FFE6550}.Release|x64.Build.0 = Release|x64
		{4AEA749D-8F92-4F2C-9AF4-46109CB5868E}.Debug|Win32.ActiveCfg = Debug|Win32
		{4AEA749D-8F92-4F2C-9AF4-46109CB5868E}.Debug|Win32.Build.0 = Debug|Win32
		{4AEA749D-8F92-4F2C-9AF4-46109CB5868E}.Debug|x64.ActiveCfg = Debug|x64
		{4AEA749D-8F92-4F2C-9AF4-46109CB5868E}.Debug|x64.Build.0 = Debug|x64
		{4AEA749D-8F92-4F2C-9AF4-46109CB5868E}.Release|Win32.ActiveCfg = Release|Win32
		{4AEA749D-8F92-4F2C-9AF4-46109CB5868E}.Release|Win32.Build.0 = Release|Win32
		{4AEA749D-8F92-4F2C-9AF4-46109CB5868E}.Release|x64.ActiveCfg = Release|x64
		{4AEA749D-8F92-4F2C-9AF4-46109CB5868E}.Release|x64.Build.0 = Release|x64
		{DDECA7A3-82AC-405B-88F3-EDBA28CEF0C5}.Debug|Win32.ActiveCfg = Debug|Win32
		{DDECA7A3-82AC-405B-88F3-EDBA28CEF0C5}.Debug|Win32.Build.0 = Debug|Win32
		{DDECA7A3-82AC-405B-88F3-EDBA28CEF0C5}.Debug|x64.ActiveCfg = Debug|x64
		{DDECA7A3-82AC-405B-88F3-EDBA28CEF0C5}.Debug|x64.Build.0 = Debug|x64
		{DDECA7A3-82AC-405B-88F3-EDBA28CEF0C5}.Release|Win32.ActiveCfg = Release|Win32
		{DDECA7A3-82AC-405B-88F3-EDBA28CEF0C5}.Release|Win32.Build.0 = Release|Win32
		{DDECA7A3-82AC-405B-88F3-EDBA28CEF0C5}.Release|x64.ActiveCfg = Release|x64
		{DDECA7A3-82AC-405B-88F3-EDBA28CEF0C5}.Release|x64.Build.0 = Release|x64
		{41D047EC-1A3E-4F7E-A744-A0A39C57A40A}.Debug|Win32.ActiveCfg = Debug|Win32
		{41D047EC-1A3E-4F7E-A744-A0A39C57A40A}.Debug|Win32.Build.0 = Debug|Win32
		{41D047EC-1A3E-4F7E-A744-A0A39C57A40A}.Debug|x64.ActiveCfg = Debug|x64
		{41D047EC-1A3E-4F7E-A744-A0A39C57A40A}.Debug|x64.Build.0 = Debug|x64
		{41D047EC-1A3E-4F7E-A744-A0A39C57A40A}.Release|Win32.ActiveCfg = Release|Win32
		{41D047EC-1A3E-4F7E-A744-A0A39C57A40A}.Release|Win32.Build.0 = Release|Win32
		{41D047EC-1A3E-4F7E-A744-A0A39C57A40A}.Release|x64.ActiveCfg = Release|x64
		{41D047EC-1A3E-4F7E-A744-A0A39C57A40A}.Release|x64.Build.0 = Release|x64
	EndGlobalSection
	GlobalSection(SolutionProperties) = preSolution
		HideSolutionNode = FALSE
	EndGlobalSection
	GlobalSection(NestedProjects) = preSolution
		{0C454599-73FB-4F57-B8C9-0BE68AF3110E} = {7457560B-11A4-45FE-919A-52760C90A533}
		{3E126701-0D6C-404F-821D-F51F2B1BB0FB} = {7457560B-11A4-45FE-919A-52760C90A533}
		{9B3D1588-BDBB-4F20-9362-B9508168A675} = {7457560B-11A4-45FE-919A-52760C90A533}
		{3D66E318-A1FC-470A-84B0-C5B35DBA7E4E} = {7457560B-11A4-45FE-919A-52760C90A533}
		{24FC500A-AA39-4886-B19F-4ADB19642DB9} = {7457560B-11A4-45FE-919A-52760C90A533}
		{DDECA7A3-82AC-405B-88F3-EDBA28CEF0C5} = {7457560B-11A4-45FE-919A-52760C90A533}
		{41D047EC-1A3E-4F7E-A744-A0A39C57A40A} = {7457560B-11A4-45FE-919A-52760C90A533}
		{167208CD-E59F-4709-9ADD-6880115C11D8} = {24B3C1A8-9F57-443A-9BF8-D7A82313C934}
		{3688EE16-AA48-414C-A8FA-6814C767CAEC} = {24B3C1A8-9F57-443A-9BF8-D7A82313C934}
		{09F0931A-069E-4158-AE74-976DA2ED315C} = {24B3C1A8-9F57-443A-9BF8-D7A82313C934}
		{49450E57-202A-45E9-8A62-FB849AEF0880} = {24B3C1A8-9F57-443A-9BF8-D7A82313C934}
		{8FED5F6A-0C4A-479F-9C85-763C33621454} = {24B3C1A8-9F57-443A-9BF8-D7A82313C934}
		{B66C9C69-C6C1-421C-97CB-5EA5BED49794} = {24B3C1A8-9F57-443A-9BF8-D7A82313C934}
		{DE196927-ADF7-492A-B5D0-8A0B6F3F0D34} = {24B3C1A8-9F57-443A-9BF8-D7A82313C934}
		{F7EED31F-4304-440F-AC6D-96F680C5D924} = {24B3C1A8-9F57-443A-9BF8-D7A82313C934}
		{BF6B3B1C-B11A-480E-9308-C08E25B4A840} = {24B3C1A8-9F57-443A-9BF8-D7A82313C934}
		{9C6F483B-B932-4AB5-B664-090C4925A217} = {24B3C1A8-9F57-443A-9BF8-D7A82313C934}
		{87F4C1B3-9E80-46A6-A4B1-E451F4A37C99} = {24B3C1A8-9F57-443A-9BF8-D7A82313C934}
		{F10B32ED-46F7-4566-A2DA-A2373FFE6550} = {24B3C1A8-9F57-443A-9BF8-D7A82313C934}
		{1E020116-467E-4D16-8C80-0CC2867965E5} = {AD8ACE63-A6D9-4859-B00A-ADD908FC3C5A}
		{924C645A-99E2-474C-818A-B67AF408684C} = {AD8ACE63-A6D9-4859-B00A-ADD908FC3C5A}
		{58479936-C910-4759-BE51-7248B43A36C4} = {924C645A-99E2-474C-818A-B67AF408684C}
		{5D5D44E0-B4AE-4ECC-819C-04F5EF69FA9E} = {924C645A-99E2-474C-818A-B67AF408684C}
		{4AEA749D-8F92-4F2C-9AF4-46109CB5868E} = {924C645A-99E2-474C-818A-B67AF408684C}
	EndGlobalSection
EndGlobal
